
Microsoft Visual Studio Solution File, Format Version 12.00
# Visual Studio Version 17
VisualStudioVersion = 17.2.32630.192
MinimumVisualStudioVersion = 10.0.40219.1
Project("{9A19103F-16F7-4668-BE54-9A1E7A4F7556}") = "R5T.F0064.Construction", "R5T.F0064.Construction\R5T.F0064.Construction.csproj", "{56F7DCF3-24B3-4DB3-A851-82F2B7111727}"
EndProject
Project("{9A19103F-16F7-4668-BE54-9A1E7A4F7556}") = "R5T.F0064", "R5T.F0064\R5T.F0064.csproj", "{00C04A28-FA24-4599-8579-CC24201BE146}"
EndProject
Global
	GlobalSection(SolutionConfigurationPlatforms) = preSolution
		Debug|Any CPU = Debug|Any CPU
		Release|Any CPU = Release|Any CPU
	EndGlobalSection
	GlobalSection(ProjectConfigurationPlatforms) = postSolution
		{56F7DCF3-24B3-4DB3-A851-82F2B7111727}.Debug|Any CPU.ActiveCfg = Debug|Any CPU
		{56F7DCF3-24B3-4DB3-A851-82F2B7111727}.Debug|Any CPU.Build.0 = Debug|Any CPU
		{56F7DCF3-24B3-4DB3-A851-82F2B7111727}.Release|Any CPU.ActiveCfg = Release|Any CPU
		{56F7DCF3-24B3-4DB3-A851-82F2B7111727}.Release|Any CPU.Build.0 = Release|Any CPU
		{00C04A28-FA24-4599-8579-CC24201BE146}.Debug|Any CPU.ActiveCfg = Debug|Any CPU
		{00C04A28-FA24-4599-8579-CC24201BE146}.Debug|Any CPU.Build.0 = Debug|Any CPU
		{00C04A28-FA24-4599-8579-CC24201BE146}.Release|Any CPU.ActiveCfg = Release|Any CPU
		{00C04A28-FA24-4599-8579-CC24201BE146}.Release|Any CPU.Build.0 = Release|Any CPU
	EndGlobalSection
	GlobalSection(SolutionProperties) = preSolution
		HideSolutionNode = FALSE
	EndGlobalSection
	GlobalSection(ExtensibilityGlobals) = postSolution
		SolutionGuid = {7BFC0C17-BD5A-4505-871E-713D0BF09D66}
	EndGlobalSection
EndGlobal
