
Microsoft Visual Studio Solution File, Format Version 12.00
# Visual Studio Version 17
VisualStudioVersion = 17.2.32630.192
MinimumVisualStudioVersion = 10.0.40219.1
Project("{9A19103F-16F7-4668-BE54-9A1E7A4F7556}") = "R5T.F0064.Construction", "R5T.F0064.Construction\R5T.F0064.Construction.csproj", "{56F7DCF3-24B3-4DB3-A851-82F2B7111727}"
EndProject
Project("{9A19103F-16F7-4668-BE54-9A1E7A4F7556}") = "R5T.F0064", "R5T.F0064\R5T.F0064.csproj", "{00C04A28-FA24-4599-8579-CC24201BE146}"
EndProject
Project("{2150E333-8FDC-42A3-9474-1A3956D46DE8}") = "_Dependencies", "_Dependencies", "{57A70E36-195C-4CAA-B866-264DC04FD616}"
EndProject
Project("{9A19103F-16F7-4668-BE54-9A1E7A4F7556}") = "R5T.T0131", "..\..\R5T.T0131\source\R5T.T0131\R5T.T0131.csproj", "{CFC0230C-AFD8-4758-8127-EC4A31AA3B5F}"
EndProject
Project("{9A19103F-16F7-4668-BE54-9A1E7A4F7556}") = "R5T.T0132", "..\..\R5T.T0132\source\R5T.T0132\R5T.T0132.csproj", "{780D45AA-DA85-472E-9960-93942EF8B83A}"
EndProject
Project("{9A19103F-16F7-4668-BE54-9A1E7A4F7556}") = "R5T.NG0002", "..\..\R5T.NG0002\source\R5T.NG0002\R5T.NG0002.csproj", "{5FA7C8D9-07D0-4DA3-92D7-9E5C275638DC}"
EndProject
Project("{9A19103F-16F7-4668-BE54-9A1E7A4F7556}") = "R5T.F0000", "..\..\R5T.F0000\source\R5T.F0000\R5T.F0000.csproj", "{6124E589-FFD1-4D0E-BC99-E8AF3911395E}"
EndProject
Project("{9A19103F-16F7-4668-BE54-9A1E7A4F7556}") = "R5T.T0142", "..\..\R5T.T0142\source\R5T.T0142\R5T.T0142.csproj", "{6A10906A-4AE6-4811-BD99-0307A6EF2DF1}"
EndProject
Project("{9A19103F-16F7-4668-BE54-9A1E7A4F7556}") = "R5T.T0143", "..\..\R5T.T0143\source\R5T.T0143\R5T.T0143.csproj", "{F1A56E92-574A-47A2-A4B8-DB03138C00C8}"
EndProject
Project("{9A19103F-16F7-4668-BE54-9A1E7A4F7556}") = "R5T.Y0000", "..\..\R5T.Y0000\source\R5T.Y0000\R5T.Y0000.csproj", "{3D02F2F7-BFB1-4FE8-A732-504B8023E635}"
EndProject
Project("{9A19103F-16F7-4668-BE54-9A1E7A4F7556}") = "R5T.Z0000", "..\..\R5T.Z0000\source\R5T.Z0000\R5T.Z0000.csproj", "{EB902ED0-6B84-4617-BCA2-5361A808CD5E}"
EndProject
Project("{9A19103F-16F7-4668-BE54-9A1E7A4F7556}") = "R5T.F0064.F001", "R5T.F0064.F001\R5T.F0064.F001.csproj", "{7CBA595E-4AA8-41E2-8068-4209998E9F76}"
EndProject
Project("{9A19103F-16F7-4668-BE54-9A1E7A4F7556}") = "R5T.F0037", "..\..\R5T.F0037\source\R5T.F0037\R5T.F0037.csproj", "{E6523519-985C-4750-8122-B1CBCB60BF11}"
EndProject
Project("{9A19103F-16F7-4668-BE54-9A1E7A4F7556}") = "R5T.F0035", "..\..\R5T.F0035\source\R5T.F0035\R5T.F0035.csproj", "{E00DC7A8-6451-41C7-ADD3-4873BB5B8715}"
EndProject
Project("{9A19103F-16F7-4668-BE54-9A1E7A4F7556}") = "R5T.F0017.F002", "..\..\R5T.F0017\source\R5T.F0017.F002\R5T.F0017.F002.csproj", "{692E9D50-446C-4DD4-9DB6-DB9A079DCF74}"
EndProject
Project("{9A19103F-16F7-4668-BE54-9A1E7A4F7556}") = "R5T.F0064.F002", "R5T.F0064.F002\R5T.F0064.F002.csproj", "{8FBC26A1-31E2-4F3B-BFCA-C398BFCE8417}"
EndProject
Project("{9A19103F-16F7-4668-BE54-9A1E7A4F7556}") = "R5T.F0032", "..\..\R5T.F0032\source\R5T.F0032\R5T.F0032.csproj", "{32743EE9-A25A-4F6F-BAE5-76060546FBC1}"
EndProject
Project("{9A19103F-16F7-4668-BE54-9A1E7A4F7556}") = "R5T.F0002", "..\..\R5T.F0002\source\R5T.F0002\R5T.F0002.csproj", "{340DD284-99DB-495B-B614-521998442D77}"
EndProject
Project("{9A19103F-16F7-4668-BE54-9A1E7A4F7556}") = "R5T.F0028", "..\..\R5T.F0028\source\R5T.F0028\R5T.F0028.csproj", "{54A37B39-03A4-4630-911E-D2AF3BB97683}"
EndProject
Project("{9A19103F-16F7-4668-BE54-9A1E7A4F7556}") = "R5T.F0036.F000", "..\..\R5T.F0036\source\R5T.F0036.F000\R5T.F0036.F000.csproj", "{7E9E3907-2671-48AE-B2FD-B17F85C05607}"
EndProject
Project("{9A19103F-16F7-4668-BE54-9A1E7A4F7556}") = "R5T.F0036.F001", "..\..\R5T.F0036\source\R5T.F0036.F001\R5T.F0036.F001.csproj", "{362A5C49-AB47-4907-8607-30931A797374}"
EndProject
Project("{9A19103F-16F7-4668-BE54-9A1E7A4F7556}") = "R5T.F0036.F002", "..\..\R5T.F0036\source\R5T.F0036.F002\R5T.F0036.F002.csproj", "{DA93307A-B7BA-42C0-9D7B-095D427370ED}"
EndProject
Project("{9A19103F-16F7-4668-BE54-9A1E7A4F7556}") = "R5T.F0036.T000", "..\..\R5T.F0036\source\R5T.F0036.T000\R5T.F0036.T000.csproj", "{CB6E9432-9E73-435D-873B-1A44EBDDFC54}"
EndProject
Project("{9A19103F-16F7-4668-BE54-9A1E7A4F7556}") = "R5T.F0036", "..\..\R5T.F0036\source\R5T.F0036\R5T.F0036.csproj", "{5DC83620-FC85-4B21-8AAF-FC4B384CC5AC}"
EndProject
Project("{9A19103F-16F7-4668-BE54-9A1E7A4F7556}") = "R5T.NG0003", "..\..\R5T.NG0003\source\R5T.NG0003\R5T.NG0003.csproj", "{528A3E0C-02B0-4B8C-9679-5831A141AE5B}"
EndProject
Project("{9A19103F-16F7-4668-BE54-9A1E7A4F7556}") = "R5T.NG0008", "..\..\R5T.NG0008\source\R5T.NG0008\R5T.NG0008.csproj", "{BDA7CC57-2A56-48E1-8561-2E307D0165A2}"
EndProject
Project("{9A19103F-16F7-4668-BE54-9A1E7A4F7556}") = "R5T.T0147.T000", "..\..\R5T.T0147\source\R5T.T0147.T000\R5T.T0147.T000.csproj", "{85F7BDBC-950F-410F-B7DD-F49F457ED13F}"
EndProject
Global
	GlobalSection(NestedProjects) = preSolution
		{CFC0230C-AFD8-4758-8127-EC4A31AA3B5F} = {57A70E36-195C-4CAA-B866-264DC04FD616}
		{780D45AA-DA85-472E-9960-93942EF8B83A} = {57A70E36-195C-4CAA-B866-264DC04FD616}
		{5FA7C8D9-07D0-4DA3-92D7-9E5C275638DC} = {57A70E36-195C-4CAA-B866-264DC04FD616}
		{6124E589-FFD1-4D0E-BC99-E8AF3911395E} = {57A70E36-195C-4CAA-B866-264DC04FD616}
		{6A10906A-4AE6-4811-BD99-0307A6EF2DF1} = {57A70E36-195C-4CAA-B866-264DC04FD616}
		{F1A56E92-574A-47A2-A4B8-DB03138C00C8} = {57A70E36-195C-4CAA-B866-264DC04FD616}
		{3D02F2F7-BFB1-4FE8-A732-504B8023E635} = {57A70E36-195C-4CAA-B866-264DC04FD616}
		{EB902ED0-6B84-4617-BCA2-5361A808CD5E} = {57A70E36-195C-4CAA-B866-264DC04FD616}
		{E6523519-985C-4750-8122-B1CBCB60BF11} = {57A70E36-195C-4CAA-B866-264DC04FD616}
		{E00DC7A8-6451-41C7-ADD3-4873BB5B8715} = {57A70E36-195C-4CAA-B866-264DC04FD616}
		{692E9D50-446C-4DD4-9DB6-DB9A079DCF74} = {57A70E36-195C-4CAA-B866-264DC04FD616}
		{32743EE9-A25A-4F6F-BAE5-76060546FBC1} = {57A70E36-195C-4CAA-B866-264DC04FD616}
		{340DD284-99DB-495B-B614-521998442D77} = {57A70E36-195C-4CAA-B866-264DC04FD616}
		{54A37B39-03A4-4630-911E-D2AF3BB97683} = {57A70E36-195C-4CAA-B866-264DC04FD616}
		{7E9E3907-2671-48AE-B2FD-B17F85C05607} = {57A70E36-195C-4CAA-B866-264DC04FD616}
		{362A5C49-AB47-4907-8607-30931A797374} = {57A70E36-195C-4CAA-B866-264DC04FD616}
		{DA93307A-B7BA-42C0-9D7B-095D427370ED} = {57A70E36-195C-4CAA-B866-264DC04FD616}
		{CB6E9432-9E73-435D-873B-1A44EBDDFC54} = {57A70E36-195C-4CAA-B866-264DC04FD616}
		{5DC83620-FC85-4B21-8AAF-FC4B384CC5AC} = {57A70E36-195C-4CAA-B866-264DC04FD616}
		{528A3E0C-02B0-4B8C-9679-5831A141AE5B} = {57A70E36-195C-4CAA-B866-264DC04FD616}
		{BDA7CC57-2A56-48E1-8561-2E307D0165A2} = {57A70E36-195C-4CAA-B866-264DC04FD616}
		{85F7BDBC-950F-410F-B7DD-F49F457ED13F} = {57A70E36-195C-4CAA-B866-264DC04FD616}
	EndGlobalSection
	GlobalSection(SolutionConfigurationPlatforms) = preSolution
		Debug|Any CPU = Debug|Any CPU
		Release|Any CPU = Release|Any CPU
	EndGlobalSection
	GlobalSection(ProjectConfigurationPlatforms) = postSolution
		{56F7DCF3-24B3-4DB3-A851-82F2B7111727}.Debug|Any CPU.ActiveCfg = Debug|Any CPU
		{56F7DCF3-24B3-4DB3-A851-82F2B7111727}.Debug|Any CPU.Build.0 = Debug|Any CPU
		{56F7DCF3-24B3-4DB3-A851-82F2B7111727}.Release|Any CPU.ActiveCfg = Release|Any CPU
		{56F7DCF3-24B3-4DB3-A851-82F2B7111727}.Release|Any CPU.Build.0 = Release|Any CPU
		{00C04A28-FA24-4599-8579-CC24201BE146}.Debug|Any CPU.ActiveCfg = Debug|Any CPU
		{00C04A28-FA24-4599-8579-CC24201BE146}.Debug|Any CPU.Build.0 = Debug|Any CPU
		{00C04A28-FA24-4599-8579-CC24201BE146}.Release|Any CPU.ActiveCfg = Release|Any CPU
		{00C04A28-FA24-4599-8579-CC24201BE146}.Release|Any CPU.Build.0 = Release|Any CPU
		{CFC0230C-AFD8-4758-8127-EC4A31AA3B5F}.Debug|Any CPU.ActiveCfg = Debug|Any CPU
		{CFC0230C-AFD8-4758-8127-EC4A31AA3B5F}.Debug|Any CPU.Build.0 = Debug|Any CPU
		{CFC0230C-AFD8-4758-8127-EC4A31AA3B5F}.Release|Any CPU.ActiveCfg = Release|Any CPU
		{CFC0230C-AFD8-4758-8127-EC4A31AA3B5F}.Release|Any CPU.Build.0 = Release|Any CPU
		{780D45AA-DA85-472E-9960-93942EF8B83A}.Debug|Any CPU.ActiveCfg = Debug|Any CPU
		{780D45AA-DA85-472E-9960-93942EF8B83A}.Debug|Any CPU.Build.0 = Debug|Any CPU
		{780D45AA-DA85-472E-9960-93942EF8B83A}.Release|Any CPU.ActiveCfg = Release|Any CPU
		{780D45AA-DA85-472E-9960-93942EF8B83A}.Release|Any CPU.Build.0 = Release|Any CPU
		{5FA7C8D9-07D0-4DA3-92D7-9E5C275638DC}.Debug|Any CPU.ActiveCfg = Debug|Any CPU
		{5FA7C8D9-07D0-4DA3-92D7-9E5C275638DC}.Debug|Any CPU.Build.0 = Debug|Any CPU
		{5FA7C8D9-07D0-4DA3-92D7-9E5C275638DC}.Release|Any CPU.ActiveCfg = Release|Any CPU
		{5FA7C8D9-07D0-4DA3-92D7-9E5C275638DC}.Release|Any CPU.Build.0 = Release|Any CPU
		{6124E589-FFD1-4D0E-BC99-E8AF3911395E}.Debug|Any CPU.ActiveCfg = Debug|Any CPU
		{6124E589-FFD1-4D0E-BC99-E8AF3911395E}.Debug|Any CPU.Build.0 = Debug|Any CPU
		{6124E589-FFD1-4D0E-BC99-E8AF3911395E}.Release|Any CPU.ActiveCfg = Release|Any CPU
		{6124E589-FFD1-4D0E-BC99-E8AF3911395E}.Release|Any CPU.Build.0 = Release|Any CPU
		{6A10906A-4AE6-4811-BD99-0307A6EF2DF1}.Debug|Any CPU.ActiveCfg = Debug|Any CPU
		{6A10906A-4AE6-4811-BD99-0307A6EF2DF1}.Debug|Any CPU.Build.0 = Debug|Any CPU
		{6A10906A-4AE6-4811-BD99-0307A6EF2DF1}.Release|Any CPU.ActiveCfg = Release|Any CPU
		{6A10906A-4AE6-4811-BD99-0307A6EF2DF1}.Release|Any CPU.Build.0 = Release|Any CPU
		{F1A56E92-574A-47A2-A4B8-DB03138C00C8}.Debug|Any CPU.ActiveCfg = Debug|Any CPU
		{F1A56E92-574A-47A2-A4B8-DB03138C00C8}.Debug|Any CPU.Build.0 = Debug|Any CPU
		{F1A56E92-574A-47A2-A4B8-DB03138C00C8}.Release|Any CPU.ActiveCfg = Release|Any CPU
		{F1A56E92-574A-47A2-A4B8-DB03138C00C8}.Release|Any CPU.Build.0 = Release|Any CPU
		{3D02F2F7-BFB1-4FE8-A732-504B8023E635}.Debug|Any CPU.ActiveCfg = Debug|Any CPU
		{3D02F2F7-BFB1-4FE8-A732-504B8023E635}.Debug|Any CPU.Build.0 = Debug|Any CPU
		{3D02F2F7-BFB1-4FE8-A732-504B8023E635}.Release|Any CPU.ActiveCfg = Release|Any CPU
		{3D02F2F7-BFB1-4FE8-A732-504B8023E635}.Release|Any CPU.Build.0 = Release|Any CPU
		{EB902ED0-6B84-4617-BCA2-5361A808CD5E}.Debug|Any CPU.ActiveCfg = Debug|Any CPU
		{EB902ED0-6B84-4617-BCA2-5361A808CD5E}.Debug|Any CPU.Build.0 = Debug|Any CPU
		{EB902ED0-6B84-4617-BCA2-5361A808CD5E}.Release|Any CPU.ActiveCfg = Release|Any CPU
		{EB902ED0-6B84-4617-BCA2-5361A808CD5E}.Release|Any CPU.Build.0 = Release|Any CPU
		{7CBA595E-4AA8-41E2-8068-4209998E9F76}.Debug|Any CPU.ActiveCfg = Debug|Any CPU
		{7CBA595E-4AA8-41E2-8068-4209998E9F76}.Debug|Any CPU.Build.0 = Debug|Any CPU
		{7CBA595E-4AA8-41E2-8068-4209998E9F76}.Release|Any CPU.ActiveCfg = Release|Any CPU
		{7CBA595E-4AA8-41E2-8068-4209998E9F76}.Release|Any CPU.Build.0 = Release|Any CPU
		{E6523519-985C-4750-8122-B1CBCB60BF11}.Debug|Any CPU.ActiveCfg = Debug|Any CPU
		{E6523519-985C-4750-8122-B1CBCB60BF11}.Debug|Any CPU.Build.0 = Debug|Any CPU
		{E6523519-985C-4750-8122-B1CBCB60BF11}.Release|Any CPU.ActiveCfg = Release|Any CPU
		{E6523519-985C-4750-8122-B1CBCB60BF11}.Release|Any CPU.Build.0 = Release|Any CPU
		{E00DC7A8-6451-41C7-ADD3-4873BB5B8715}.Debug|Any CPU.ActiveCfg = Debug|Any CPU
		{E00DC7A8-6451-41C7-ADD3-4873BB5B8715}.Debug|Any CPU.Build.0 = Debug|Any CPU
		{E00DC7A8-6451-41C7-ADD3-4873BB5B8715}.Release|Any CPU.ActiveCfg = Release|Any CPU
		{E00DC7A8-6451-41C7-ADD3-4873BB5B8715}.Release|Any CPU.Build.0 = Release|Any CPU
		{692E9D50-446C-4DD4-9DB6-DB9A079DCF74}.Debug|Any CPU.ActiveCfg = Debug|Any CPU
		{692E9D50-446C-4DD4-9DB6-DB9A079DCF74}.Debug|Any CPU.Build.0 = Debug|Any CPU
		{692E9D50-446C-4DD4-9DB6-DB9A079DCF74}.Release|Any CPU.ActiveCfg = Release|Any CPU
		{692E9D50-446C-4DD4-9DB6-DB9A079DCF74}.Release|Any CPU.Build.0 = Release|Any CPU
		{8FBC26A1-31E2-4F3B-BFCA-C398BFCE8417}.Debug|Any CPU.ActiveCfg = Debug|Any CPU
		{8FBC26A1-31E2-4F3B-BFCA-C398BFCE8417}.Debug|Any CPU.Build.0 = Debug|Any CPU
		{8FBC26A1-31E2-4F3B-BFCA-C398BFCE8417}.Release|Any CPU.ActiveCfg = Release|Any CPU
		{8FBC26A1-31E2-4F3B-BFCA-C398BFCE8417}.Release|Any CPU.Build.0 = Release|Any CPU
		{32743EE9-A25A-4F6F-BAE5-76060546FBC1}.Debug|Any CPU.ActiveCfg = Debug|Any CPU
		{32743EE9-A25A-4F6F-BAE5-76060546FBC1}.Debug|Any CPU.Build.0 = Debug|Any CPU
		{32743EE9-A25A-4F6F-BAE5-76060546FBC1}.Release|Any CPU.ActiveCfg = Release|Any CPU
		{32743EE9-A25A-4F6F-BAE5-76060546FBC1}.Release|Any CPU.Build.0 = Release|Any CPU
		{340DD284-99DB-495B-B614-521998442D77}.Debug|Any CPU.ActiveCfg = Debug|Any CPU
		{340DD284-99DB-495B-B614-521998442D77}.Debug|Any CPU.Build.0 = Debug|Any CPU
		{340DD284-99DB-495B-B614-521998442D77}.Release|Any CPU.ActiveCfg = Release|Any CPU
		{340DD284-99DB-495B-B614-521998442D77}.Release|Any CPU.Build.0 = Release|Any CPU
		{54A37B39-03A4-4630-911E-D2AF3BB97683}.Debug|Any CPU.ActiveCfg = Debug|Any CPU
		{54A37B39-03A4-4630-911E-D2AF3BB97683}.Debug|Any CPU.Build.0 = Debug|Any CPU
		{54A37B39-03A4-4630-911E-D2AF3BB97683}.Release|Any CPU.ActiveCfg = Release|Any CPU
		{54A37B39-03A4-4630-911E-D2AF3BB97683}.Release|Any CPU.Build.0 = Release|Any CPU
		{7E9E3907-2671-48AE-B2FD-B17F85C05607}.Debug|Any CPU.ActiveCfg = Debug|Any CPU
		{7E9E3907-2671-48AE-B2FD-B17F85C05607}.Debug|Any CPU.Build.0 = Debug|Any CPU
		{7E9E3907-2671-48AE-B2FD-B17F85C05607}.Release|Any CPU.ActiveCfg = Release|Any CPU
		{7E9E3907-2671-48AE-B2FD-B17F85C05607}.Release|Any CPU.Build.0 = Release|Any CPU
		{362A5C49-AB47-4907-8607-30931A797374}.Debug|Any CPU.ActiveCfg = Debug|Any CPU
		{362A5C49-AB47-4907-8607-30931A797374}.Debug|Any CPU.Build.0 = Debug|Any CPU
		{362A5C49-AB47-4907-8607-30931A797374}.Release|Any CPU.ActiveCfg = Release|Any CPU
		{362A5C49-AB47-4907-8607-30931A797374}.Release|Any CPU.Build.0 = Release|Any CPU
		{DA93307A-B7BA-42C0-9D7B-095D427370ED}.Debug|Any CPU.ActiveCfg = Debug|Any CPU
		{DA93307A-B7BA-42C0-9D7B-095D427370ED}.Debug|Any CPU.Build.0 = Debug|Any CPU
		{DA93307A-B7BA-42C0-9D7B-095D427370ED}.Release|Any CPU.ActiveCfg = Release|Any CPU
		{DA93307A-B7BA-42C0-9D7B-095D427370ED}.Release|Any CPU.Build.0 = Release|Any CPU
		{CB6E9432-9E73-435D-873B-1A44EBDDFC54}.Debug|Any CPU.ActiveCfg = Debug|Any CPU
		{CB6E9432-9E73-435D-873B-1A44EBDDFC54}.Debug|Any CPU.Build.0 = Debug|Any CPU
		{CB6E9432-9E73-435D-873B-1A44EBDDFC54}.Release|Any CPU.ActiveCfg = Release|Any CPU
		{CB6E9432-9E73-435D-873B-1A44EBDDFC54}.Release|Any CPU.Build.0 = Release|Any CPU
		{5DC83620-FC85-4B21-8AAF-FC4B384CC5AC}.Debug|Any CPU.ActiveCfg = Debug|Any CPU
		{5DC83620-FC85-4B21-8AAF-FC4B384CC5AC}.Debug|Any CPU.Build.0 = Debug|Any CPU
		{5DC83620-FC85-4B21-8AAF-FC4B384CC5AC}.Release|Any CPU.ActiveCfg = Release|Any CPU
		{5DC83620-FC85-4B21-8AAF-FC4B384CC5AC}.Release|Any CPU.Build.0 = Release|Any CPU
		{528A3E0C-02B0-4B8C-9679-5831A141AE5B}.Debug|Any CPU.ActiveCfg = Debug|Any CPU
		{528A3E0C-02B0-4B8C-9679-5831A141AE5B}.Debug|Any CPU.Build.0 = Debug|Any CPU
		{528A3E0C-02B0-4B8C-9679-5831A141AE5B}.Release|Any CPU.ActiveCfg = Release|Any CPU
		{528A3E0C-02B0-4B8C-9679-5831A141AE5B}.Release|Any CPU.Build.0 = Release|Any CPU
		{BDA7CC57-2A56-48E1-8561-2E307D0165A2}.Debug|Any CPU.ActiveCfg = Debug|Any CPU
		{BDA7CC57-2A56-48E1-8561-2E307D0165A2}.Debug|Any CPU.Build.0 = Debug|Any CPU
		{BDA7CC57-2A56-48E1-8561-2E307D0165A2}.Release|Any CPU.ActiveCfg = Release|Any CPU
		{BDA7CC57-2A56-48E1-8561-2E307D0165A2}.Release|Any CPU.Build.0 = Release|Any CPU
		{85F7BDBC-950F-410F-B7DD-F49F457ED13F}.Debug|Any CPU.ActiveCfg = Debug|Any CPU
		{85F7BDBC-950F-410F-B7DD-F49F457ED13F}.Debug|Any CPU.Build.0 = Debug|Any CPU
		{85F7BDBC-950F-410F-B7DD-F49F457ED13F}.Release|Any CPU.ActiveCfg = Release|Any CPU
		{85F7BDBC-950F-410F-B7DD-F49F457ED13F}.Release|Any CPU.Build.0 = Release|Any CPU
	EndGlobalSection
	GlobalSection(SolutionProperties) = preSolution
		HideSolutionNode = FALSE
	EndGlobalSection
	GlobalSection(ExtensibilityGlobals) = postSolution
		SolutionGuid = {7BFC0C17-BD5A-4505-871E-713D0BF09D66}
	EndGlobalSection
EndGlobal
